<?xml version="1.0" encoding="utf-8"?>
<Project ToolsVersion="4.0" xmlns="http://schemas.microsoft.com/developer/msbuild/2003">
  <ItemGroup>
    <Filter Include="Source Files">
      <UniqueIdentifier>{4FC737F1-C7A5-4376-A066-2A32D752A2FF}</UniqueIdentifier>
      <Extensions>qml;cpp;c;cc;cxx;def;odl;idl;hpj;bat;asm;asmx</Extensions>
    </Filter>
    <Filter Include="Header Files">
      <UniqueIdentifier>{93995380-89BD-4b04-88EB-625FBE52EBFB}</UniqueIdentifier>
      <Extensions>h;hh;hpp;hxx;hm;inl;inc;xsd</Extensions>
    </Filter>
    <Filter Include="Resource Files">
      <UniqueIdentifier>{67DA6AB6-F800-4c08-8B7A-83BB121AAD01}</UniqueIdentifier>
      <Extensions>qrc;rc;ico;cur;bmp;dlg;rc2;rct;bin;rgs;gif;jpg;jpeg;jpe;resx;tiff;tif;png;wav;mfcribbon-ms</Extensions>
    </Filter>
    <Filter Include="Form Files">
      <UniqueIdentifier>{99349809-55BA-4b9d-BF79-8FDBB0286EB3}</UniqueIdentifier>
      <Extensions>ui</Extensions>
    </Filter>
    <Filter Include="Translation Files">
      <UniqueIdentifier>{639EADAA-A684-42e4-A9AD-28FC9BCB8F7C}</UniqueIdentifier>
      <Extensions>ts</Extensions>
    </Filter>
  </ItemGroup>
  <ItemGroup>
    <QtRcc Include="AlgorytmsScladnistLabInterFace.qrc">
      <Filter>Resource Files</Filter>
    </QtRcc>
    <QtUic Include="AlgorytmsScladnistLabInterFace.ui">
      <Filter>Form Files</Filter>
    </QtUic>
    <QtMoc Include="AlgorytmsScladnistLabInterFace.h">
      <Filter>Header Files</Filter>
    </QtMoc>
    <ClCompile Include="AlgorytmsScladnistLabInterFace.cpp">
      <Filter>Source Files</Filter>
    </ClCompile>
  </ItemGroup>
  <ItemGroup>
    <ClCompile Include="main.cpp">
      <Filter>Source Files</Filter>
    </ClCompile>
    <ClCompile Include="PerfectHash.cpp">
      <Filter>Source Files</Filter>
    </ClCompile>
    <ClCompile Include="PerfectHashLogic.cpp">
      <Filter>Source Files</Filter>
    </ClCompile>
    <ClCompile Include="OptimalBinaryTreeLogic.cpp">
      <Filter>Source Files</Filter>
    </ClCompile>
    <ClCompile Include="OptimalBinaryTree.cpp">
      <Filter>Source Files</Filter>
    </ClCompile>
    <ClCompile Include="BST.cpp">
      <Filter>Source Files</Filter>
    </ClCompile>
    <ClCompile Include="BinomialHeapLogic.cpp">
      <Filter>Source Files</Filter>
    </ClCompile>
    <ClCompile Include="BinomialHeap.cpp">
      <Filter>Source Files</Filter>
    </ClCompile>
  </ItemGroup>
  <ItemGroup>
    <QtMoc Include="PerfectHash.h">
      <Filter>Header Files</Filter>
    </QtMoc>
    <QtMoc Include="OptimalBinaryTree.h">
      <Filter>Header Files</Filter>
    </QtMoc>
    <QtMoc Include="BinomialHeap.h">
      <Filter>Header Files</Filter>
    </QtMoc>
    <QtMoc Include="BinomialHeapLogic.h">
      <Filter>Header Files</Filter>
    </QtMoc>
  </ItemGroup>
  <ItemGroup>
    <QtUic Include="PerfectHash.ui">
      <Filter>Form Files</Filter>
    </QtUic>
    <QtUic Include="OptimalBinaryTree.ui">
      <Filter>Form Files</Filter>
    </QtUic>
    <QtUic Include="BinomialHeap.ui">
      <Filter>Form Files</Filter>
    </QtUic>
  </ItemGroup>
  <ItemGroup>
    <ClInclude Include="PerfectHashLogic.h">
      <Filter>Header Files</Filter>
    </ClInclude>
    <ClInclude Include="OptimalBinaryTreeLogic.h">
      <Filter>Header Files</Filter>
    </ClInclude>
    <ClInclude Include="graphics.h">
      <Filter>Header Files</Filter>
    </ClInclude>
    <ClInclude Include="BST.h">
      <Filter>Header Files</Filter>
    </ClInclude>
    <ClInclude Include="BINARYTREE.H">
      <Filter>Header Files</Filter>
    </ClInclude>
  </ItemGroup>
  <ItemGroup>
    <Library Include="graphics.lib">
      <Filter>Resource Files</Filter>
    </Library>
  </ItemGroup>
  <ItemGroup>
    <None Include="cpp.hint" />
  </ItemGroup>
</Project>